
Microsoft Visual Studio Solution File, Format Version 12.00
# Visual Studio Version 17
VisualStudioVersion = 17.8.34525.116
MinimumVisualStudioVersion = 10.0.40219.1
Project("{FAE04EC0-301F-11D3-BF4B-00C04F79EFBC}") = "Polygon", "Polygon\Polygon.csproj", "{881799E4-2F57-4E72-B3C0-F89FF6D9881B}"
EndProject
Global
	GlobalSection(SolutionConfigurationPlatforms) = preSolution
		Debug|Any CPU = Debug|Any CPU
		Release|Any CPU = Release|Any CPU
	EndGlobalSection
	GlobalSection(ProjectConfigurationPlatforms) = postSolution
		{881799E4-2F57-4E72-B3C0-F89FF6D9881B}.Debug|Any CPU.ActiveCfg = Debug|Any CPU
		{881799E4-2F57-4E72-B3C0-F89FF6D9881B}.Debug|Any CPU.Build.0 = Debug|Any CPU
		{881799E4-2F57-4E72-B3C0-F89FF6D9881B}.Release|Any CPU.ActiveCfg = Release|Any CPU
		{881799E4-2F57-4E72-B3C0-F89FF6D9881B}.Release|Any CPU.Build.0 = Release|Any CPU
	EndGlobalSection
	GlobalSection(SolutionProperties) = preSolution
		HideSolutionNode = FALSE
	EndGlobalSection
	GlobalSection(ExtensibilityGlobals) = postSolution
		SolutionGuid = {5D1846A0-6613-4BA1-9608-D26E59D1C0BB}
	EndGlobalSection
EndGlobal
